// !$*UTF8*$!
{
	archiveVersion = 1;
	classes = {
	};
	objectVersion = 46;
	objects = {

/* Begin PBXBuildFile section */
		016ABF071DC89CED0051EF63 /* AppDelegate.swift in Sources */ = {isa = PBXBuildFile; fileRef = 016ABF061DC89CED0051EF63 /* AppDelegate.swift */; };
		016ABF091DC89CED0051EF63 /* ViewController.swift in Sources */ = {isa = PBXBuildFile; fileRef = 016ABF081DC89CED0051EF63 /* ViewController.swift */; };
		016ABF0B1DC89CED0051EF63 /* Assets.xcassets in Resources */ = {isa = PBXBuildFile; fileRef = 016ABF0A1DC89CED0051EF63 /* Assets.xcassets */; };
		016ABF0E1DC89CED0051EF63 /* Main.storyboard in Resources */ = {isa = PBXBuildFile; fileRef = 016ABF0C1DC89CED0051EF63 /* Main.storyboard */; };
		016ABF191DC89CEE0051EF63 /* TabSplitViewDummyTests.swift in Sources */ = {isa = PBXBuildFile; fileRef = 016ABF181DC89CEE0051EF63 /* TabSplitViewDummyTests.swift */; };
		016ABF241DC89CEE0051EF63 /* TabSplitViewDummyUITests.swift in Sources */ = {isa = PBXBuildFile; fileRef = 016ABF231DC89CEE0051EF63 /* TabSplitViewDummyUITests.swift */; };
/* End PBXBuildFile section */

/* Begin PBXContainerItemProxy section */
		016ABF151DC89CEE0051EF63 /* PBXContainerItemProxy */ = {
			isa = PBXContainerItemProxy;
			containerPortal = 016ABEFB1DC89CED0051EF63 /* Project object */;
			proxyType = 1;
			remoteGlobalIDString = 016ABF021DC89CED0051EF63;
			remoteInfo = TabSplitViewDummy;
		};
		016ABF201DC89CEE0051EF63 /* PBXContainerItemProxy */ = {
			isa = PBXContainerItemProxy;
			containerPortal = 016ABEFB1DC89CED0051EF63 /* Project object */;
			proxyType = 1;
			remoteGlobalIDString = 016ABF021DC89CED0051EF63;
			remoteInfo = TabSplitViewDummy;
		};
/* End PBXContainerItemProxy section */

/* Begin PBXFileReference section */
		016ABF031DC89CED0051EF63 /* TabSplitViewDummy.app */ = {isa = PBXFileReference; explicitFileType = wrapper.application; includeInIndex = 0; path = TabSplitViewDummy.app; sourceTree = BUILT_PRODUCTS_DIR; };
		016ABF061DC89CED0051EF63 /* AppDelegate.swift */ = {isa = PBXFileReference; lastKnownFileType = sourcecode.swift; path = AppDelegate.swift; sourceTree = "<group>"; };
		016ABF081DC89CED0051EF63 /* ViewController.swift */ = {isa = PBXFileReference; lastKnownFileType = sourcecode.swift; path = ViewController.swift; sourceTree = "<group>"; };
		016ABF0A1DC89CED0051EF63 /* Assets.xcassets */ = {isa = PBXFileReference; lastKnownFileType = folder.assetcatalog; path = Assets.xcassets; sourceTree = "<group>"; };
		016ABF0D1DC89CED0051EF63 /* Base */ = {isa = PBXFileReference; lastKnownFileType = file.storyboard; name = Base; path = Base.lproj/Main.storyboard; sourceTree = "<group>"; };
		016ABF0F1DC89CED0051EF63 /* Info.plist */ = {isa = PBXFileReference; lastKnownFileType = text.plist.xml; path = Info.plist; sourceTree = "<group>"; };
		016ABF141DC89CEE0051EF63 /* TabSplitViewDummyTests.xctest */ = {isa = PBXFileReference; explicitFileType = wrapper.cfbundle; includeInIndex = 0; path = TabSplitViewDummyTests.xctest; sourceTree = BUILT_PRODUCTS_DIR; };
		016ABF181DC89CEE0051EF63 /* TabSplitViewDummyTests.swift */ = {isa = PBXFileReference; lastKnownFileType = sourcecode.swift; path = TabSplitViewDummyTests.swift; sourceTree = "<group>"; };
		016ABF1A1DC89CEE0051EF63 /* Info.plist */ = {isa = PBXFileReference; lastKnownFileType = text.plist.xml; path = Info.plist; sourceTree = "<group>"; };
		016ABF1F1DC89CEE0051EF63 /* TabSplitViewDummyUITests.xctest */ = {isa = PBXFileReference; explicitFileType = wrapper.cfbundle; includeInIndex = 0; path = TabSplitViewDummyUITests.xctest; sourceTree = BUILT_PRODUCTS_DIR; };
		016ABF231DC89CEE0051EF63 /* TabSplitViewDummyUITests.swift */ = {isa = PBXFileReference; lastKnownFileType = sourcecode.swift; path = TabSplitViewDummyUITests.swift; sourceTree = "<group>"; };
		016ABF251DC89CEE0051EF63 /* Info.plist */ = {isa = PBXFileReference; lastKnownFileType = text.plist.xml; path = Info.plist; sourceTree = "<group>"; };
/* End PBXFileReference section */

/* Begin PBXFrameworksBuildPhase section */
		016ABF001DC89CED0051EF63 /* Frameworks */ = {
			isa = PBXFrameworksBuildPhase;
			buildActionMask = 2147483647;
			files = (
			);
			runOnlyForDeploymentPostprocessing = 0;
		};
		016ABF111DC89CEE0051EF63 /* Frameworks */ = {
			isa = PBXFrameworksBuildPhase;
			buildActionMask = 2147483647;
			files = (
			);
			runOnlyForDeploymentPostprocessing = 0;
		};
		016ABF1C1DC89CEE0051EF63 /* Frameworks */ = {
			isa = PBXFrameworksBuildPhase;
			buildActionMask = 2147483647;
			files = (
			);
			runOnlyForDeploymentPostprocessing = 0;
		};
/* End PBXFrameworksBuildPhase section */

/* Begin PBXGroup section */
		016ABEFA1DC89CED0051EF63 = {
			isa = PBXGroup;
			children = (
				016ABF051DC89CED0051EF63 /* TabSplitViewDummy */,
				016ABF171DC89CEE0051EF63 /* TabSplitViewDummyTests */,
				016ABF221DC89CEE0051EF63 /* TabSplitViewDummyUITests */,
				016ABF041DC89CED0051EF63 /* Products */,
			);
			sourceTree = "<group>";
		};
		016ABF041DC89CED0051EF63 /* Products */ = {
			isa = PBXGroup;
			children = (
				016ABF031DC89CED0051EF63 /* TabSplitViewDummy.app */,
				016ABF141DC89CEE0051EF63 /* TabSplitViewDummyTests.xctest */,
				016ABF1F1DC89CEE0051EF63 /* TabSplitViewDummyUITests.xctest */,
			);
			name = Products;
			sourceTree = "<group>";
		};
		016ABF051DC89CED0051EF63 /* TabSplitViewDummy */ = {
			isa = PBXGroup;
			children = (
				016ABF061DC89CED0051EF63 /* AppDelegate.swift */,
				016ABF081DC89CED0051EF63 /* ViewController.swift */,
				016ABF0A1DC89CED0051EF63 /* Assets.xcassets */,
				016ABF0C1DC89CED0051EF63 /* Main.storyboard */,
				016ABF0F1DC89CED0051EF63 /* Info.plist */,
			);
			path = TabSplitViewDummy;
			sourceTree = "<group>";
		};
		016ABF171DC89CEE0051EF63 /* TabSplitViewDummyTests */ = {
			isa = PBXGroup;
			children = (
				016ABF181DC89CEE0051EF63 /* TabSplitViewDummyTests.swift */,
				016ABF1A1DC89CEE0051EF63 /* Info.plist */,
			);
			path = TabSplitViewDummyTests;
			sourceTree = "<group>";
		};
		016ABF221DC89CEE0051EF63 /* TabSplitViewDummyUITests */ = {
			isa = PBXGroup;
			children = (
				016ABF231DC89CEE0051EF63 /* TabSplitViewDummyUITests.swift */,
				016ABF251DC89CEE0051EF63 /* Info.plist */,
			);
			path = TabSplitViewDummyUITests;
			sourceTree = "<group>";
		};
/* End PBXGroup section */

/* Begin PBXNativeTarget section */
		016ABF021DC89CED0051EF63 /* TabSplitViewDummy */ = {
			isa = PBXNativeTarget;
			buildConfigurationList = 016ABF281DC89CEE0051EF63 /* Build configuration list for PBXNativeTarget "TabSplitViewDummy" */;
			buildPhases = (
				016ABEFF1DC89CED0051EF63 /* Sources */,
				016ABF001DC89CED0051EF63 /* Frameworks */,
				016ABF011DC89CED0051EF63 /* Resources */,
			);
			buildRules = (
			);
			dependencies = (
			);
			name = TabSplitViewDummy;
			productName = TabSplitViewDummy;
			productReference = 016ABF031DC89CED0051EF63 /* TabSplitViewDummy.app */;
			productType = "com.apple.product-type.application";
		};
		016ABF131DC89CEE0051EF63 /* TabSplitViewDummyTests */ = {
			isa = PBXNativeTarget;
			buildConfigurationList = 016ABF2B1DC89CEE0051EF63 /* Build configuration list for PBXNativeTarget "TabSplitViewDummyTests" */;
			buildPhases = (
				016ABF101DC89CEE0051EF63 /* Sources */,
				016ABF111DC89CEE0051EF63 /* Frameworks */,
				016ABF121DC89CEE0051EF63 /* Resources */,
			);
			buildRules = (
			);
			dependencies = (
				016ABF161DC89CEE0051EF63 /* PBXTargetDependency */,
			);
			name = TabSplitViewDummyTests;
			productName = TabSplitViewDummyTests;
			productReference = 016ABF141DC89CEE0051EF63 /* TabSplitViewDummyTests.xctest */;
			productType = "com.apple.product-type.bundle.unit-test";
		};
		016ABF1E1DC89CEE0051EF63 /* TabSplitViewDummyUITests */ = {
			isa = PBXNativeTarget;
			buildConfigurationList = 016ABF2E1DC89CEE0051EF63 /* Build configuration list for PBXNativeTarget "TabSplitViewDummyUITests" */;
			buildPhases = (
				016ABF1B1DC89CEE0051EF63 /* Sources */,
				016ABF1C1DC89CEE0051EF63 /* Frameworks */,
				016ABF1D1DC89CEE0051EF63 /* Resources */,
			);
			buildRules = (
			);
			dependencies = (
				016ABF211DC89CEE0051EF63 /* PBXTargetDependency */,
			);
			name = TabSplitViewDummyUITests;
			productName = TabSplitViewDummyUITests;
			productReference = 016ABF1F1DC89CEE0051EF63 /* TabSplitViewDummyUITests.xctest */;
			productType = "com.apple.product-type.bundle.ui-testing";
		};
/* End PBXNativeTarget section */

/* Begin PBXProject section */
		016ABEFB1DC89CED0051EF63 /* Project object */ = {
			isa = PBXProject;
			attributes = {
				LastSwiftUpdateCheck = 0810;
				LastUpgradeCheck = 0810;
				ORGANIZATIONNAME = MikeElmwood;
				TargetAttributes = {
					016ABF021DC89CED0051EF63 = {
						CreatedOnToolsVersion = 8.1;
						ProvisioningStyle = Automatic;
					};
					016ABF131DC89CEE0051EF63 = {
						CreatedOnToolsVersion = 8.1;
						ProvisioningStyle = Automatic;
						TestTargetID = 016ABF021DC89CED0051EF63;
					};
					016ABF1E1DC89CEE0051EF63 = {
						CreatedOnToolsVersion = 8.1;
						ProvisioningStyle = Automatic;
						TestTargetID = 016ABF021DC89CED0051EF63;
					};
				};
			};
			buildConfigurationList = 016ABEFE1DC89CED0051EF63 /* Build configuration list for PBXProject "TabSplitViewDummy" */;
			compatibilityVersion = "Xcode 3.2";
			developmentRegion = English;
			hasScannedForEncodings = 0;
			knownRegions = (
				en,
				Base,
			);
			mainGroup = 016ABEFA1DC89CED0051EF63;
			productRefGroup = 016ABF041DC89CED0051EF63 /* Products */;
			projectDirPath = "";
			projectRoot = "";
			targets = (
				016ABF021DC89CED0051EF63 /* TabSplitViewDummy */,
				016ABF131DC89CEE0051EF63 /* TabSplitViewDummyTests */,
				016ABF1E1DC89CEE0051EF63 /* TabSplitViewDummyUITests */,
			);
		};
/* End PBXProject section */

/* Begin PBXResourcesBuildPhase section */
		016ABF011DC89CED0051EF63 /* Resources */ = {
			isa = PBXResourcesBuildPhase;
			buildActionMask = 2147483647;
			files = (
				016ABF0B1DC89CED0051EF63 /* Assets.xcassets in Resources */,
				016ABF0E1DC89CED0051EF63 /* Main.storyboard in Resources */,
			);
			runOnlyForDeploymentPostprocessing = 0;
		};
		016ABF121DC89CEE0051EF63 /* Resources */ = {
			isa = PBXResourcesBuildPhase;
			buildActionMask = 2147483647;
			files = (
			);
			runOnlyForDeploymentPostprocessing = 0;
		};
		016ABF1D1DC89CEE0051EF63 /* Resources */ = {
			isa = PBXResourcesBuildPhase;
			buildActionMask = 2147483647;
			files = (
			);
			runOnlyForDeploymentPostprocessing = 0;
		};
/* End PBXResourcesBuildPhase section */

/* Begin PBXSourcesBuildPhase section */
		016ABEFF1DC89CED0051EF63 /* Sources */ = {
			isa = PBXSourcesBuildPhase;
			buildActionMask = 2147483647;
			files = (
				016ABF091DC89CED0051EF63 /* ViewController.swift in Sources */,
				016ABF071DC89CED0051EF63 /* AppDelegate.swift in Sources */,
			);
			runOnlyForDeploymentPostprocessing = 0;
		};
		016ABF101DC89CEE0051EF63 /* Sources */ = {
			isa = PBXSourcesBuildPhase;
			buildActionMask = 2147483647;
			files = (
				016ABF191DC89CEE0051EF63 /* TabSplitViewDummyTests.swift in Sources */,
			);
			runOnlyForDeploymentPostprocessing = 0;
		};
		016ABF1B1DC89CEE0051EF63 /* Sources */ = {
			isa = PBXSourcesBuildPhase;
			buildActionMask = 2147483647;
			files = (
				016ABF241DC89CEE0051EF63 /* TabSplitViewDummyUITests.swift in Sources */,
			);
			runOnlyForDeploymentPostprocessing = 0;
		};
/* End PBXSourcesBuildPhase section */

/* Begin PBXTargetDependency section */
		016ABF161DC89CEE0051EF63 /* PBXTargetDependency */ = {
			isa = PBXTargetDependency;
			target = 016ABF021DC89CED0051EF63 /* TabSplitViewDummy */;
			targetProxy = 016ABF151DC89CEE0051EF63 /* PBXContainerItemProxy */;
		};
		016ABF211DC89CEE0051EF63 /* PBXTargetDependency */ = {
			isa = PBXTargetDependency;
			target = 016ABF021DC89CED0051EF63 /* TabSplitViewDummy */;
			targetProxy = 016ABF201DC89CEE0051EF63 /* PBXContainerItemProxy */;
		};
/* End PBXTargetDependency section */

/* Begin PBXVariantGroup section */
		016ABF0C1DC89CED0051EF63 /* Main.storyboard */ = {
			isa = PBXVariantGroup;
			children = (
				016ABF0D1DC89CED0051EF63 /* Base */,
			);
			name = Main.storyboard;
			sourceTree = "<group>";
		};
/* End PBXVariantGroup section */

/* Begin XCBuildConfiguration section */
		016ABF261DC89CEE0051EF63 /* Debug */ = {
			isa = XCBuildConfiguration;
			buildSettings = {
				ALWAYS_SEARCH_USER_PATHS = NO;
				CLANG_ANALYZER_NONNULL = YES;
				CLANG_CXX_LANGUAGE_STANDARD = "gnu++0x";
				CLANG_CXX_LIBRARY = "libc++";
				CLANG_ENABLE_MODULES = YES;
				CLANG_ENABLE_OBJC_ARC = YES;
				CLANG_WARN_BOOL_CONVERSION = YES;
				CLANG_WARN_CONSTANT_CONVERSION = YES;
				CLANG_WARN_DIRECT_OBJC_ISA_USAGE = YES_ERROR;
				CLANG_WARN_DOCUMENTATION_COMMENTS = YES;
				CLANG_WARN_EMPTY_BODY = YES;
				CLANG_WARN_ENUM_CONVERSION = YES;
				CLANG_WARN_INFINITE_RECURSION = YES;
				CLANG_WARN_INT_CONVERSION = YES;
				CLANG_WARN_OBJC_ROOT_CLASS = YES_ERROR;
				CLANG_WARN_SUSPICIOUS_MOVES = YES;
				CLANG_WARN_UNREACHABLE_CODE = YES;
				CLANG_WARN__DUPLICATE_METHOD_MATCH = YES;
				CODE_SIGN_IDENTITY = "-";
				COPY_PHASE_STRIP = NO;
				DEBUG_INFORMATION_FORMAT = dwarf;
				ENABLE_STRICT_OBJC_MSGSEND = YES;
				ENABLE_TESTABILITY = YES;
				GCC_C_LANGUAGE_STANDARD = gnu99;
				GCC_DYNAMIC_NO_PIC = NO;
				GCC_NO_COMMON_BLOCKS = YES;
				GCC_OPTIMIZATION_LEVEL = 0;
				GCC_PREPROCESSOR_DEFINITIONS = (
					"DEBUG=1",
					"$(inherited)",
				);
				GCC_WARN_64_TO_32_BIT_CONVERSION = YES;
				GCC_WARN_ABOUT_RETURN_TYPE = YES_ERROR;
				GCC_WARN_UNDECLARED_SELECTOR = YES;
				GCC_WARN_UNINITIALIZED_AUTOS = YES_AGGRESSIVE;
				GCC_WARN_UNUSED_FUNCTION = YES;
				GCC_WARN_UNUSED_VARIABLE = YES;
				MACOSX_DEPLOYMENT_TARGET = 10.12;
				MTL_ENABLE_DEBUG_INFO = YES;
				ONLY_ACTIVE_ARCH = YES;
				SDKROOT = macosx;
				SWIFT_ACTIVE_COMPILATION_CONDITIONS = DEBUG;
				SWIFT_OPTIMIZATION_LEVEL = "-Onone";
			};
			name = Debug;
		};
		016ABF271DC89CEE0051EF63 /* Release */ = {
			isa = XCBuildConfiguration;
			buildSettings = {
				ALWAYS_SEARCH_USER_PATHS = NO;
				CLANG_ANALYZER_NONNULL = YES;
				CLANG_CXX_LANGUAGE_STANDARD = "gnu++0x";
				CLANG_CXX_LIBRARY = "libc++";
				CLANG_ENABLE_MODULES = YES;
				CLANG_ENABLE_OBJC_ARC = YES;
				CLANG_WARN_BOOL_CONVERSION = YES;
				CLANG_WARN_CONSTANT_CONVERSION = YES;
				CLANG_WARN_DIRECT_OBJC_ISA_USAGE = YES_ERROR;
				CLANG_WARN_DOCUMENTATION_COMMENTS = YES;
				CLANG_WARN_EMPTY_BODY = YES;
				CLANG_WARN_ENUM_CONVERSION = YES;
				CLANG_WARN_INFINITE_RECURSION = YES;
				CLANG_WARN_INT_CONVERSION = YES;
				CLANG_WARN_OBJC_ROOT_CLASS = YES_ERROR;
				CLANG_WARN_SUSPICIOUS_MOVES = YES;
				CLANG_WARN_UNREACHABLE_CODE = YES;
				CLANG_WARN__DUPLICATE_METHOD_MATCH = YES;
				CODE_SIGN_IDENTITY = "-";
				COPY_PHASE_STRIP = NO;
				DEBUG_INFORMATION_FORMAT = "dwarf-with-dsym";
				ENABLE_NS_ASSERTIONS = NO;
				ENABLE_STRICT_OBJC_MSGSEND = YES;
				GCC_C_LANGUAGE_STANDARD = gnu99;
				GCC_NO_COMMON_BLOCKS = YES;
				GCC_WARN_64_TO_32_BIT_CONVERSION = YES;
				GCC_WARN_ABOUT_RETURN_TYPE = YES_ERROR;
				GCC_WARN_UNDECLARED_SELECTOR = YES;
				GCC_WARN_UNINITIALIZED_AUTOS = YES_AGGRESSIVE;
				GCC_WARN_UNUSED_FUNCTION = YES;
				GCC_WARN_UNUSED_VARIABLE = YES;
				MACOSX_DEPLOYMENT_TARGET = 10.12;
				MTL_ENABLE_DEBUG_INFO = NO;
				SDKROOT = macosx;
				SWIFT_OPTIMIZATION_LEVEL = "-Owholemodule";
			};
			name = Release;
		};
		016ABF291DC89CEE0051EF63 /* Debug */ = {
			isa = XCBuildConfiguration;
			buildSettings = {
				ASSETCATALOG_COMPILER_APPICON_NAME = AppIcon;
				COMBINE_HIDPI_IMAGES = YES;
				INFOPLIST_FILE = TabSplitViewDummy/Info.plist;
				LD_RUNPATH_SEARCH_PATHS = "$(inherited) @executable_path/../Frameworks";
				PRODUCT_BUNDLE_IDENTIFIER = com.mikeelmwood.TabSplitViewDummy;
				PRODUCT_NAME = "$(TARGET_NAME)";
				SWIFT_VERSION = 3.0;
			};
			name = Debug;
		};
		016ABF2A1DC89CEE0051EF63 /* Release */ = {
			isa = XCBuildConfiguration;
			buildSettings = {
				ASSETCATALOG_COMPILER_APPICON_NAME = AppIcon;
				COMBINE_HIDPI_IMAGES = YES;
				INFOPLIST_FILE = TabSplitViewDummy/Info.plist;
				LD_RUNPATH_SEARCH_PATHS = "$(inherited) @executable_path/../Frameworks";
				PRODUCT_BUNDLE_IDENTIFIER = com.mikeelmwood.TabSplitViewDummy;
				PRODUCT_NAME = "$(TARGET_NAME)";
				SWIFT_VERSION = 3.0;
			};
			name = Release;
		};
		016ABF2C1DC89CEE0051EF63 /* Debug */ = {
			isa = XCBuildConfiguration;
			buildSettings = {
				ALWAYS_EMBED_SWIFT_STANDARD_LIBRARIES = YES;
				BUNDLE_LOADER = "$(TEST_HOST)";
				COMBINE_HIDPI_IMAGES = YES;
				INFOPLIST_FILE = TabSplitViewDummyTests/Info.plist;
				LD_RUNPATH_SEARCH_PATHS = "$(inherited) @executable_path/../Frameworks @loader_path/../Frameworks";
				PRODUCT_BUNDLE_IDENTIFIER = com.mikeelmwood.TabSplitViewDummyTests;
				PRODUCT_NAME = "$(TARGET_NAME)";
				SWIFT_VERSION = 3.0;
				TEST_HOST = "$(BUILT_PRODUCTS_DIR)/TabSplitViewDummy.app/Contents/MacOS/TabSplitViewDummy";
			};
			name = Debug;
		};
		016ABF2D1DC89CEE0051EF63 /* Release */ = {
			isa = XCBuildConfiguration;
			buildSettings = {
				ALWAYS_EMBED_SWIFT_STANDARD_LIBRARIES = YES;
				BUNDLE_LOADER = "$(TEST_HOST)";
				COMBINE_HIDPI_IMAGES = YES;
				INFOPLIST_FILE = TabSplitViewDummyTests/Info.plist;
				LD_RUNPATH_SEARCH_PATHS = "$(inherited) @executable_path/../Frameworks @loader_path/../Frameworks";
				PRODUCT_BUNDLE_IDENTIFIER = com.mikeelmwood.TabSplitViewDummyTests;
				PRODUCT_NAME = "$(TARGET_NAME)";
				SWIFT_VERSION = 3.0;
				TEST_HOST = "$(BUILT_PRODUCTS_DIR)/TabSplitViewDummy.app/Contents/MacOS/TabSplitViewDummy";
			};
			name = Release;
		};
		016ABF2F1DC89CEE0051EF63 /* Debug */ = {
			isa = XCBuildConfiguration;
			buildSettings = {
				ALWAYS_EMBED_SWIFT_STANDARD_LIBRARIES = YES;
				COMBINE_HIDPI_IMAGES = YES;
				INFOPLIST_FILE = TabSplitViewDummyUITests/Info.plist;
				LD_RUNPATH_SEARCH_PATHS = "$(inherited) @executable_path/../Frameworks @loader_path/../Frameworks";
				PRODUCT_BUNDLE_IDENTIFIER = com.mikeelmwood.TabSplitViewDummyUITests;
				PRODUCT_NAME = "$(TARGET_NAME)";
				SWIFT_VERSION = 3.0;
				TEST_TARGET_NAME = TabSplitViewDummy;
			};
			name = Debug;
		};
		016ABF301DC89CEE0051EF63 /* Release */ = {
			isa = XCBuildConfiguration;
			buildSettings = {
				ALWAYS_EMBED_SWIFT_STANDARD_LIBRARIES = YES;
				COMBINE_HIDPI_IMAGES = YES;
				INFOPLIST_FILE = TabSplitViewDummyUITests/Info.plist;
				LD_RUNPATH_SEARCH_PATHS = "$(inherited) @executable_path/../Frameworks @loader_path/../Frameworks";
				PRODUCT_BUNDLE_IDENTIFIER = com.mikeelmwood.TabSplitViewDummyUITests;
				PRODUCT_NAME = "$(TARGET_NAME)";
				SWIFT_VERSION = 3.0;
				TEST_TARGET_NAME = TabSplitViewDummy;
			};
			name = Release;
		};
/* End XCBuildConfiguration section */

/* Begin XCConfigurationList section */
		016ABEFE1DC89CED0051EF63 /* Build configuration list for PBXProject "TabSplitViewDummy" */ = {
			isa = XCConfigurationList;
			buildConfigurations = (
				016ABF261DC89CEE0051EF63 /* Debug */,
				016ABF271DC89CEE0051EF63 /* Release */,
			);
			defaultConfigurationIsVisible = 0;
			defaultConfigurationName = Release;
		};
		016ABF281DC89CEE0051EF63 /* Build configuration list for PBXNativeTarget "TabSplitViewDummy" */ = {
			isa = XCConfigurationList;
			buildConfigurations = (
				016ABF291DC89CEE0051EF63 /* Debug */,
				016ABF2A1DC89CEE0051EF63 /* Release */,
			);
			defaultConfigurationIsVisible = 0;
		};
		016ABF2B1DC89CEE0051EF63 /* Build configuration list for PBXNativeTarget "TabSplitViewDummyTests" */ = {
			isa = XCConfigurationList;
			buildConfigurations = (
				016ABF2C1DC89CEE0051EF63 /* Debug */,
				016ABF2D1DC89CEE0051EF63 /* Release */,
			);
			defaultConfigurationIsVisible = 0;
		};
		016ABF2E1DC89CEE0051EF63 /* Build configuration list for PBXNativeTarget "TabSplitViewDummyUITests" */ = {
			isa = XCConfigurationList;
			buildConfigurations = (
				016ABF2F1DC89CEE0051EF63 /* Debug */,
				016ABF301DC89CEE0051EF63 /* Release */,
			);
			defaultConfigurationIsVisible = 0;
		};
/* End XCConfigurationList section */
	};
	rootObject = 016ABEFB1DC89CED0051EF63 /* Project object */;
}
